
Microsoft Visual Studio Solution File, Format Version 12.00
# Visual Studio Version 16
VisualStudioVersion = 16.0.29519.181
MinimumVisualStudioVersion = 10.0.40219.1
Project("{FAE04EC0-301F-11D3-BF4B-00C04F79EFBC}") = "UniversalScanner", "UniversalScanner\UniversalScanner.csproj", "{6A0EAAE3-897B-4472-A692-CA0B08E09CD1}"
EndProject
Project("{FAE04EC0-301F-11D3-BF4B-00C04F79EFBC}") = "selftest2pcap", "selftest2pcap\selftest2pcap.csproj", "{6127A446-FAC5-4A53-8F0A-01C32F657DFF}"
EndProject
Global
	GlobalSection(SolutionConfigurationPlatforms) = preSolution
		Debug|Any CPU = Debug|Any CPU
		Release|Any CPU = Release|Any CPU
	EndGlobalSection
	GlobalSection(ProjectConfigurationPlatforms) = postSolution
		{6A0EAAE3-897B-4472-A692-CA0B08E09CD1}.Debug|Any CPU.ActiveCfg = Debug|Any CPU
		{6A0EAAE3-897B-4472-A692-CA0B08E09CD1}.Debug|Any CPU.Build.0 = Debug|Any CPU
		{6A0EAAE3-897B-4472-A692-CA0B08E09CD1}.Release|Any CPU.ActiveCfg = Release|Any CPU
		{6A0EAAE3-897B-4472-A692-CA0B08E09CD1}.Release|Any CPU.Build.0 = Release|Any CPU
		{6127A446-FAC5-4A53-8F0A-01C32F657DFF}.Debug|Any CPU.ActiveCfg = Debug|Any CPU
		{6127A446-FAC5-4A53-8F0A-01C32F657DFF}.Debug|Any CPU.Build.0 = Debug|Any CPU
		{6127A446-FAC5-4A53-8F0A-01C32F657DFF}.Release|Any CPU.ActiveCfg = Release|Any CPU
		{6127A446-FAC5-4A53-8F0A-01C32F657DFF}.Release|Any CPU.Build.0 = Release|Any CPU
	EndGlobalSection
	GlobalSection(SolutionProperties) = preSolution
		HideSolutionNode = FALSE
	EndGlobalSection
	GlobalSection(ExtensibilityGlobals) = postSolution
		SolutionGuid = {C3441983-CE7B-40F0-AA7F-8C4F7D951E87}
	EndGlobalSection
EndGlobal
