
Microsoft Visual Studio Solution File, Format Version 12.00
# Visual Studio Version 16
VisualStudioVersion = 16.0.29519.181
MinimumVisualStudioVersion = 10.0.40219.1
Project("{FAE04EC0-301F-11D3-BF4B-00C04F79EFBC}") = "UniversalScannerLib", "UniversalScannerLib\UniversalScannerLib.csproj", "{5EAB95CA-2F8B-480A-A6C6-0CE59DB65DE3}"
EndProject
Project("{FAE04EC0-301F-11D3-BF4B-00C04F79EFBC}") = "UniversalScanner", "UniversalScanner\UniversalScanner.csproj", "{6A0EAAE3-897B-4472-A692-CA0B08E09CD1}"
EndProject
Project("{FAE04EC0-301F-11D3-BF4B-00C04F79EFBC}") = "selftest2pcap", "selftest2pcap\selftest2pcap.csproj", "{039F6A97-4389-430B-8DBC-242C1E682F17}"
EndProject
Project("{FAE04EC0-301F-11D3-BF4B-00C04F79EFBC}") = "scannerTemplate", "scannerTemplate\scannerTemplate.csproj", "{CA2EBD82-FF40-4A5B-AEC6-D95104D159EF}"
EndProject
Project("{FAE04EC0-301F-11D3-BF4B-00C04F79EFBC}") = "UniversalScannerUI", "UniversalScannerUI\UniversalScannerUI.csproj", "{027983CA-4016-490B-813D-E43B04457467}"
EndProject
Global
	GlobalSection(SolutionProperties) = preSolution
		HideSolutionNode = FALSE
	EndGlobalSection
	GlobalSection(ExtensibilityGlobals) = postSolution
		SolutionGuid = {C3441983-CE7B-40F0-AA7F-8C4F7D951E87}
	EndGlobalSection
	GlobalSection(SolutionConfigurationPlatforms) = preSolution
		Debug|Any CPU = Debug|Any CPU
		Debug|x64 = Debug|x64
		Debug|x86 = Debug|x86
		Release|Any CPU = Release|Any CPU
		Release|x64 = Release|x64
		Release|x86 = Release|x86
	EndGlobalSection
	GlobalSection(ProjectConfigurationPlatforms) = postSolution
		{5EAB95CA-2F8B-480A-A6C6-0CE59DB65DE3}.Debug|Any CPU.ActiveCfg = Debug|Any CPU
		{5EAB95CA-2F8B-480A-A6C6-0CE59DB65DE3}.Debug|Any CPU.Build.0 = Debug|Any CPU
		{5EAB95CA-2F8B-480A-A6C6-0CE59DB65DE3}.Debug|x64.ActiveCfg = Debug|Any CPU
		{5EAB95CA-2F8B-480A-A6C6-0CE59DB65DE3}.Debug|x64.Build.0 = Debug|Any CPU
		{5EAB95CA-2F8B-480A-A6C6-0CE59DB65DE3}.Debug|x86.ActiveCfg = Debug|Any CPU
		{5EAB95CA-2F8B-480A-A6C6-0CE59DB65DE3}.Debug|x86.Build.0 = Debug|Any CPU
		{5EAB95CA-2F8B-480A-A6C6-0CE59DB65DE3}.Release|Any CPU.ActiveCfg = Release|Any CPU
		{5EAB95CA-2F8B-480A-A6C6-0CE59DB65DE3}.Release|Any CPU.Build.0 = Release|Any CPU
		{5EAB95CA-2F8B-480A-A6C6-0CE59DB65DE3}.Release|x64.ActiveCfg = Release|Any CPU
		{5EAB95CA-2F8B-480A-A6C6-0CE59DB65DE3}.Release|x64.Build.0 = Release|Any CPU
		{5EAB95CA-2F8B-480A-A6C6-0CE59DB65DE3}.Release|x86.ActiveCfg = Release|Any CPU
		{5EAB95CA-2F8B-480A-A6C6-0CE59DB65DE3}.Release|x86.Build.0 = Release|Any CPU
		{6A0EAAE3-897B-4472-A692-CA0B08E09CD1}.Debug|Any CPU.ActiveCfg = Debug|Any CPU
		{6A0EAAE3-897B-4472-A692-CA0B08E09CD1}.Debug|Any CPU.Build.0 = Debug|Any CPU
		{6A0EAAE3-897B-4472-A692-CA0B08E09CD1}.Debug|x64.ActiveCfg = Debug|Any CPU
		{6A0EAAE3-897B-4472-A692-CA0B08E09CD1}.Debug|x64.Build.0 = Debug|Any CPU
		{6A0EAAE3-897B-4472-A692-CA0B08E09CD1}.Debug|x86.ActiveCfg = Debug|Any CPU
		{6A0EAAE3-897B-4472-A692-CA0B08E09CD1}.Debug|x86.Build.0 = Debug|Any CPU
		{6A0EAAE3-897B-4472-A692-CA0B08E09CD1}.Release|Any CPU.ActiveCfg = Debug|Any CPU
		{6A0EAAE3-897B-4472-A692-CA0B08E09CD1}.Release|Any CPU.Build.0 = Debug|Any CPU
		{6A0EAAE3-897B-4472-A692-CA0B08E09CD1}.Release|x64.ActiveCfg = Debug|Any CPU
		{6A0EAAE3-897B-4472-A692-CA0B08E09CD1}.Release|x64.Build.0 = Debug|Any CPU
		{6A0EAAE3-897B-4472-A692-CA0B08E09CD1}.Release|x86.ActiveCfg = Debug|Any CPU
		{6A0EAAE3-897B-4472-A692-CA0B08E09CD1}.Release|x86.Build.0 = Debug|Any CPU
		{039F6A97-4389-430B-8DBC-242C1E682F17}.Debug|Any CPU.ActiveCfg = Debug|Any CPU
		{039F6A97-4389-430B-8DBC-242C1E682F17}.Debug|Any CPU.Build.0 = Debug|Any CPU
		{039F6A97-4389-430B-8DBC-242C1E682F17}.Debug|x64.ActiveCfg = Debug|Any CPU
		{039F6A97-4389-430B-8DBC-242C1E682F17}.Debug|x64.Build.0 = Debug|Any CPU
		{039F6A97-4389-430B-8DBC-242C1E682F17}.Debug|x86.ActiveCfg = Debug|Any CPU
		{039F6A97-4389-430B-8DBC-242C1E682F17}.Debug|x86.Build.0 = Debug|Any CPU
		{039F6A97-4389-430B-8DBC-242C1E682F17}.Release|Any CPU.ActiveCfg = Release|Any CPU
		{039F6A97-4389-430B-8DBC-242C1E682F17}.Release|Any CPU.Build.0 = Release|Any CPU
		{039F6A97-4389-430B-8DBC-242C1E682F17}.Release|x64.ActiveCfg = Release|Any CPU
		{039F6A97-4389-430B-8DBC-242C1E682F17}.Release|x64.Build.0 = Release|Any CPU
		{039F6A97-4389-430B-8DBC-242C1E682F17}.Release|x86.ActiveCfg = Release|Any CPU
		{039F6A97-4389-430B-8DBC-242C1E682F17}.Release|x86.Build.0 = Release|Any CPU
		{CA2EBD82-FF40-4A5B-AEC6-D95104D159EF}.Debug|Any CPU.ActiveCfg = Debug|Any CPU
		{CA2EBD82-FF40-4A5B-AEC6-D95104D159EF}.Debug|Any CPU.Build.0 = Debug|Any CPU
		{CA2EBD82-FF40-4A5B-AEC6-D95104D159EF}.Debug|x64.ActiveCfg = Debug|Any CPU
		{CA2EBD82-FF40-4A5B-AEC6-D95104D159EF}.Debug|x64.Build.0 = Debug|Any CPU
		{CA2EBD82-FF40-4A5B-AEC6-D95104D159EF}.Debug|x86.ActiveCfg = Debug|Any CPU
		{CA2EBD82-FF40-4A5B-AEC6-D95104D159EF}.Debug|x86.Build.0 = Debug|Any CPU
		{CA2EBD82-FF40-4A5B-AEC6-D95104D159EF}.Release|Any CPU.ActiveCfg = Release|Any CPU
		{CA2EBD82-FF40-4A5B-AEC6-D95104D159EF}.Release|Any CPU.Build.0 = Release|Any CPU
		{CA2EBD82-FF40-4A5B-AEC6-D95104D159EF}.Release|x64.ActiveCfg = Release|Any CPU
		{CA2EBD82-FF40-4A5B-AEC6-D95104D159EF}.Release|x64.Build.0 = Release|Any CPU
		{CA2EBD82-FF40-4A5B-AEC6-D95104D159EF}.Release|x86.ActiveCfg = Release|Any CPU
		{CA2EBD82-FF40-4A5B-AEC6-D95104D159EF}.Release|x86.Build.0 = Release|Any CPU
		{027983CA-4016-490B-813D-E43B04457467}.Debug|Any CPU.ActiveCfg = Debug|Any CPU
		{027983CA-4016-490B-813D-E43B04457467}.Debug|Any CPU.Build.0 = Debug|Any CPU
		{027983CA-4016-490B-813D-E43B04457467}.Debug|x64.ActiveCfg = Debug|Any CPU
		{027983CA-4016-490B-813D-E43B04457467}.Debug|x64.Build.0 = Debug|Any CPU
		{027983CA-4016-490B-813D-E43B04457467}.Debug|x86.ActiveCfg = Debug|Any CPU
		{027983CA-4016-490B-813D-E43B04457467}.Debug|x86.Build.0 = Debug|Any CPU
		{027983CA-4016-490B-813D-E43B04457467}.Release|Any CPU.ActiveCfg = Release|Any CPU
		{027983CA-4016-490B-813D-E43B04457467}.Release|Any CPU.Build.0 = Release|Any CPU
		{027983CA-4016-490B-813D-E43B04457467}.Release|x64.ActiveCfg = Release|Any CPU
		{027983CA-4016-490B-813D-E43B04457467}.Release|x64.Build.0 = Release|Any CPU
		{027983CA-4016-490B-813D-E43B04457467}.Release|x86.ActiveCfg = Release|Any CPU
		{027983CA-4016-490B-813D-E43B04457467}.Release|x86.Build.0 = Release|Any CPU
	EndGlobalSection
EndGlobal
